
Microsoft Visual Studio Solution File, Format Version 12.00
# Visual Studio Version 17
VisualStudioVersion = 17.14.36310.24 d17.14
MinimumVisualStudioVersion = 10.0.40219.1
Project("{FAE04EC0-301F-11D3-BF4B-00C04F79EFBC}") = "LAB 2.1", "LAB 2.1.csproj", "{34B19D8D-143A-4F56-9AC8-B042BB0414C5}"
EndProject
Global
	GlobalSection(SolutionConfigurationPlatforms) = preSolution
		Debug|Any CPU = Debug|Any CPU
		Release|Any CPU = Release|Any CPU
	EndGlobalSection
	GlobalSection(ProjectConfigurationPlatforms) = postSolution
		{34B19D8D-143A-4F56-9AC8-B042BB0414C5}.Debug|Any CPU.ActiveCfg = Debug|Any CPU
		{34B19D8D-143A-4F56-9AC8-B042BB0414C5}.Debug|Any CPU.Build.0 = Debug|Any CPU
		{34B19D8D-143A-4F56-9AC8-B042BB0414C5}.Release|Any CPU.ActiveCfg = Release|Any CPU
		{34B19D8D-143A-4F56-9AC8-B042BB0414C5}.Release|Any CPU.Build.0 = Release|Any CPU
	EndGlobalSection
	GlobalSection(SolutionProperties) = preSolution
		HideSolutionNode = FALSE
	EndGlobalSection
	GlobalSection(ExtensibilityGlobals) = postSolution
		SolutionGuid = {58315224-88B3-4F4D-9BCD-8B9464DE9648}
	EndGlobalSection
EndGlobal
